
Microsoft Visual Studio Solution File, Format Version 12.00
# Visual Studio Version 17
VisualStudioVersion = 17.0.32126.317
MinimumVisualStudioVersion = 10.0.40219.1
Project("{9A19103F-16F7-4668-BE54-9A1E7A4F7556}") = "API", "API\API.csproj", "{6B8B3A20-3906-4F20-B755-E85B1E39C66F}"
EndProject
Project("{FAE04EC0-301F-11D3-BF4B-00C04F79EFBC}") = "Domain", "Domain\Domain.csproj", "{4B38A524-D91E-4E69-AE46-0715C7B0BAD5}"
EndProject
Project("{FAE04EC0-301F-11D3-BF4B-00C04F79EFBC}") = "Application", "Application\Application.csproj", "{408E046C-B14C-4361-A47B-A11AAEABE283}"
EndProject
Project("{FAE04EC0-301F-11D3-BF4B-00C04F79EFBC}") = "Infrastructure", "Infrastructure\Infrastructure.csproj", "{4E84539E-C643-43A6-8680-17238D9D8EA0}"
EndProject
Project("{FAE04EC0-301F-11D3-BF4B-00C04F79EFBC}") = "Persistence", "Persistence\Persistence.csproj", "{25B6E283-FDB0-401B-ABDB-E4DC42967EF6}"
EndProject
Global
	GlobalSection(SolutionConfigurationPlatforms) = preSolution
		Debug|Any CPU = Debug|Any CPU
		Release|Any CPU = Release|Any CPU
	EndGlobalSection
	GlobalSection(ProjectConfigurationPlatforms) = postSolution
		{6B8B3A20-3906-4F20-B755-E85B1E39C66F}.Debug|Any CPU.ActiveCfg = Debug|Any CPU
		{6B8B3A20-3906-4F20-B755-E85B1E39C66F}.Debug|Any CPU.Build.0 = Debug|Any CPU
		{6B8B3A20-3906-4F20-B755-E85B1E39C66F}.Release|Any CPU.ActiveCfg = Release|Any CPU
		{6B8B3A20-3906-4F20-B755-E85B1E39C66F}.Release|Any CPU.Build.0 = Release|Any CPU
		{4B38A524-D91E-4E69-AE46-0715C7B0BAD5}.Debug|Any CPU.ActiveCfg = Debug|Any CPU
		{4B38A524-D91E-4E69-AE46-0715C7B0BAD5}.Debug|Any CPU.Build.0 = Debug|Any CPU
		{4B38A524-D91E-4E69-AE46-0715C7B0BAD5}.Release|Any CPU.ActiveCfg = Release|Any CPU
		{4B38A524-D91E-4E69-AE46-0715C7B0BAD5}.Release|Any CPU.Build.0 = Release|Any CPU
		{408E046C-B14C-4361-A47B-A11AAEABE283}.Debug|Any CPU.ActiveCfg = Debug|Any CPU
		{408E046C-B14C-4361-A47B-A11AAEABE283}.Debug|Any CPU.Build.0 = Debug|Any CPU
		{408E046C-B14C-4361-A47B-A11AAEABE283}.Release|Any CPU.ActiveCfg = Release|Any CPU
		{408E046C-B14C-4361-A47B-A11AAEABE283}.Release|Any CPU.Build.0 = Release|Any CPU
		{4E84539E-C643-43A6-8680-17238D9D8EA0}.Debug|Any CPU.ActiveCfg = Debug|Any CPU
		{4E84539E-C643-43A6-8680-17238D9D8EA0}.Debug|Any CPU.Build.0 = Debug|Any CPU
		{4E84539E-C643-43A6-8680-17238D9D8EA0}.Release|Any CPU.ActiveCfg = Release|Any CPU
		{4E84539E-C643-43A6-8680-17238D9D8EA0}.Release|Any CPU.Build.0 = Release|Any CPU
		{25B6E283-FDB0-401B-ABDB-E4DC42967EF6}.Debug|Any CPU.ActiveCfg = Debug|Any CPU
		{25B6E283-FDB0-401B-ABDB-E4DC42967EF6}.Debug|Any CPU.Build.0 = Debug|Any CPU
		{25B6E283-FDB0-401B-ABDB-E4DC42967EF6}.Release|Any CPU.ActiveCfg = Release|Any CPU
		{25B6E283-FDB0-401B-ABDB-E4DC42967EF6}.Release|Any CPU.Build.0 = Release|Any CPU
	EndGlobalSection
	GlobalSection(SolutionProperties) = preSolution
		HideSolutionNode = FALSE
	EndGlobalSection
	GlobalSection(ExtensibilityGlobals) = postSolution
		SolutionGuid = {93F72DD0-91DA-47F8-90EE-E14573CC96A2}
	EndGlobalSection
EndGlobal
